// !$*UTF8*$!
{
	archiveVersion = 1;
	classes = {
	};
	objectVersion = 50;
	objects = {

/* Begin PBXBuildFile section */
		5B48356B26880CF60022FAF8 /* CircleImage.swift in Sources */ = {isa = PBXBuildFile; fileRef = 5B48356A26880CF60022FAF8 /* CircleImage.swift */; };
		5B48356D26880EDA0022FAF8 /* MapView.swift in Sources */ = {isa = PBXBuildFile; fileRef = 5B48356C26880EDA0022FAF8 /* MapView.swift */; };
		5B4E4832268B77D1000F118D /* landmarkData.json in Resources */ = {isa = PBXBuildFile; fileRef = 5B4E4831268B77D1000F118D /* landmarkData.json */; };
		5B4E4834268B77EC000F118D /* Landmark.swift in Sources */ = {isa = PBXBuildFile; fileRef = 5B4E4833268B77EC000F118D /* Landmark.swift */; };
		5B4E4836268B7966000F118D /* ModelData.swift in Sources */ = {isa = PBXBuildFile; fileRef = 5B4E4835268B7966000F118D /* ModelData.swift */; };
		5B4E483B268B7DA0000F118D /* LandmarkRow.swift in Sources */ = {isa = PBXBuildFile; fileRef = 5B4E483A268B7DA0000F118D /* LandmarkRow.swift */; };
		5B4E483D268B8538000F118D /* LandmarkList.swift in Sources */ = {isa = PBXBuildFile; fileRef = 5B4E483C268B8538000F118D /* LandmarkList.swift */; };
		5B4E483F268B8D12000F118D /* LandmarkDetail.swift in Sources */ = {isa = PBXBuildFile; fileRef = 5B4E483E268B8D12000F118D /* LandmarkDetail.swift */; };
		5B4E4841268C021F000F118D /* FavoriteButton.swift in Sources */ = {isa = PBXBuildFile; fileRef = 5B4E4840268C021F000F118D /* FavoriteButton.swift */; };
		5B8D2349267638BF0019C7B0 /* LandmarksAppApp.swift in Sources */ = {isa = PBXBuildFile; fileRef = 5B8D2348267638BF0019C7B0 /* LandmarksAppApp.swift */; };
		5B8D234B267638BF0019C7B0 /* ContentView.swift in Sources */ = {isa = PBXBuildFile; fileRef = 5B8D234A267638BF0019C7B0 /* ContentView.swift */; };
		5B8D234D267638BF0019C7B0 /* Assets.xcassets in Resources */ = {isa = PBXBuildFile; fileRef = 5B8D234C267638BF0019C7B0 /* Assets.xcassets */; };
		5B8D2350267638BF0019C7B0 /* Preview Assets.xcassets in Resources */ = {isa = PBXBuildFile; fileRef = 5B8D234F267638BF0019C7B0 /* Preview Assets.xcassets */; };
/* End PBXBuildFile section */

/* Begin PBXFileReference section */
		5B48356A26880CF60022FAF8 /* CircleImage.swift */ = {isa = PBXFileReference; lastKnownFileType = sourcecode.swift; path = CircleImage.swift; sourceTree = "<group>"; };
		5B48356C26880EDA0022FAF8 /* MapView.swift */ = {isa = PBXFileReference; lastKnownFileType = sourcecode.swift; path = MapView.swift; sourceTree = "<group>"; };
		5B4E4831268B77D1000F118D /* landmarkData.json */ = {isa = PBXFileReference; fileEncoding = 4; lastKnownFileType = text.json; path = landmarkData.json; sourceTree = "<group>"; };
		5B4E4833268B77EC000F118D /* Landmark.swift */ = {isa = PBXFileReference; lastKnownFileType = sourcecode.swift; path = Landmark.swift; sourceTree = "<group>"; };
		5B4E4835268B7966000F118D /* ModelData.swift */ = {isa = PBXFileReference; lastKnownFileType = sourcecode.swift; path = ModelData.swift; sourceTree = "<group>"; };
		5B4E483A268B7DA0000F118D /* LandmarkRow.swift */ = {isa = PBXFileReference; lastKnownFileType = sourcecode.swift; path = LandmarkRow.swift; sourceTree = "<group>"; };
		5B4E483C268B8538000F118D /* LandmarkList.swift */ = {isa = PBXFileReference; lastKnownFileType = sourcecode.swift; path = LandmarkList.swift; sourceTree = "<group>"; };
		5B4E483E268B8D12000F118D /* LandmarkDetail.swift */ = {isa = PBXFileReference; lastKnownFileType = sourcecode.swift; path = LandmarkDetail.swift; sourceTree = "<group>"; };
		5B4E4840268C021F000F118D /* FavoriteButton.swift */ = {isa = PBXFileReference; lastKnownFileType = sourcecode.swift; path = FavoriteButton.swift; sourceTree = "<group>"; };
		5B8D2345267638BF0019C7B0 /* LandmarksApp.app */ = {isa = PBXFileReference; explicitFileType = wrapper.application; includeInIndex = 0; path = LandmarksApp.app; sourceTree = BUILT_PRODUCTS_DIR; };
		5B8D2348267638BF0019C7B0 /* LandmarksAppApp.swift */ = {isa = PBXFileReference; lastKnownFileType = sourcecode.swift; path = LandmarksAppApp.swift; sourceTree = "<group>"; };
		5B8D234A267638BF0019C7B0 /* ContentView.swift */ = {isa = PBXFileReference; lastKnownFileType = sourcecode.swift; path = ContentView.swift; sourceTree = "<group>"; };
		5B8D234C267638BF0019C7B0 /* Assets.xcassets */ = {isa = PBXFileReference; lastKnownFileType = folder.assetcatalog; path = Assets.xcassets; sourceTree = "<group>"; };
		5B8D234F267638BF0019C7B0 /* Preview Assets.xcassets */ = {isa = PBXFileReference; lastKnownFileType = folder.assetcatalog; path = "Preview Assets.xcassets"; sourceTree = "<group>"; };
		5B8D2351267638BF0019C7B0 /* Info.plist */ = {isa = PBXFileReference; lastKnownFileType = text.plist.xml; path = Info.plist; sourceTree = "<group>"; };
/* End PBXFileReference section */

/* Begin PBXFrameworksBuildPhase section */
		5B8D2342267638BF0019C7B0 /* Frameworks */ = {
			isa = PBXFrameworksBuildPhase;
			buildActionMask = 2147483647;
			files = (
			);
			runOnlyForDeploymentPostprocessing = 0;
		};
/* End PBXFrameworksBuildPhase section */

/* Begin PBXGroup section */
		5B4E4837268B7C6B000F118D /* Views */ = {
			isa = PBXGroup;
			children = (
				5B4E4843268C036F000F118D /* Helpers */,
				5B4E4842268C0354000F118D /* Landmarks */,
				5B8D234A267638BF0019C7B0 /* ContentView.swift */,
			);
			path = Views;
			sourceTree = "<group>";
		};
		5B4E4838268B7C86000F118D /* Model */ = {
			isa = PBXGroup;
			children = (
				5B4E4833268B77EC000F118D /* Landmark.swift */,
				5B4E4835268B7966000F118D /* ModelData.swift */,
			);
			path = Model;
			sourceTree = "<group>";
		};
		5B4E4839268B7C97000F118D /* Resources */ = {
			isa = PBXGroup;
			children = (
				5B4E4831268B77D1000F118D /* landmarkData.json */,
			);
			path = Resources;
			sourceTree = "<group>";
		};
		5B4E4842268C0354000F118D /* Landmarks */ = {
			isa = PBXGroup;
			children = (
				5B4E483C268B8538000F118D /* LandmarkList.swift */,
				5B4E483A268B7DA0000F118D /* LandmarkRow.swift */,
				5B4E483E268B8D12000F118D /* LandmarkDetail.swift */,
			);
			path = Landmarks;
			sourceTree = "<group>";
		};
		5B4E4843268C036F000F118D /* Helpers */ = {
			isa = PBXGroup;
			children = (
				5B4E4840268C021F000F118D /* FavoriteButton.swift */,
				5B48356C26880EDA0022FAF8 /* MapView.swift */,
				5B48356A26880CF60022FAF8 /* CircleImage.swift */,
			);
			path = Helpers;
			sourceTree = "<group>";
		};
		5B8D233C267638BF0019C7B0 = {
			isa = PBXGroup;
			children = (
				5B8D2347267638BF0019C7B0 /* LandmarksApp */,
				5B8D2346267638BF0019C7B0 /* Products */,
			);
			sourceTree = "<group>";
		};
		5B8D2346267638BF0019C7B0 /* Products */ = {
			isa = PBXGroup;
			children = (
				5B8D2345267638BF0019C7B0 /* LandmarksApp.app */,
			);
			name = Products;
			sourceTree = "<group>";
		};
		5B8D2347267638BF0019C7B0 /* LandmarksApp */ = {
			isa = PBXGroup;
			children = (
				5B4E4839268B7C97000F118D /* Resources */,
				5B4E4838268B7C86000F118D /* Model */,
				5B4E4837268B7C6B000F118D /* Views */,
				5B8D2348267638BF0019C7B0 /* LandmarksAppApp.swift */,
				5B8D234C267638BF0019C7B0 /* Assets.xcassets */,
				5B8D2351267638BF0019C7B0 /* Info.plist */,
				5B8D234E267638BF0019C7B0 /* Preview Content */,
			);
			path = LandmarksApp;
			sourceTree = "<group>";
		};
		5B8D234E267638BF0019C7B0 /* Preview Content */ = {
			isa = PBXGroup;
			children = (
				5B8D234F267638BF0019C7B0 /* Preview Assets.xcassets */,
			);
			path = "Preview Content";
			sourceTree = "<group>";
		};
/* End PBXGroup section */

/* Begin PBXNativeTarget section */
		5B8D2344267638BF0019C7B0 /* LandmarksApp */ = {
			isa = PBXNativeTarget;
			buildConfigurationList = 5B8D2354267638BF0019C7B0 /* Build configuration list for PBXNativeTarget "LandmarksApp" */;
			buildPhases = (
				5B8D2341267638BF0019C7B0 /* Sources */,
				5B8D2342267638BF0019C7B0 /* Frameworks */,
				5B8D2343267638BF0019C7B0 /* Resources */,
			);
			buildRules = (
			);
			dependencies = (
			);
			name = LandmarksApp;
			productName = LandmarksApp;
			productReference = 5B8D2345267638BF0019C7B0 /* LandmarksApp.app */;
			productType = "com.apple.product-type.application";
		};
/* End PBXNativeTarget section */

/* Begin PBXProject section */
		5B8D233D267638BF0019C7B0 /* Project object */ = {
			isa = PBXProject;
			attributes = {
				LastSwiftUpdateCheck = 1250;
				LastUpgradeCheck = 1250;
				TargetAttributes = {
					5B8D2344267638BF0019C7B0 = {
						CreatedOnToolsVersion = 12.5;
					};
				};
			};
			buildConfigurationList = 5B8D2340267638BF0019C7B0 /* Build configuration list for PBXProject "LandmarksApp" */;
			compatibilityVersion = "Xcode 9.3";
			developmentRegion = en;
			hasScannedForEncodings = 0;
			knownRegions = (
				en,
				Base,
			);
			mainGroup = 5B8D233C267638BF0019C7B0;
			productRefGroup = 5B8D2346267638BF0019C7B0 /* Products */;
			projectDirPath = "";
			projectRoot = "";
			targets = (
				5B8D2344267638BF0019C7B0 /* LandmarksApp */,
			);
		};
/* End PBXProject section */

/* Begin PBXResourcesBuildPhase section */
		5B8D2343267638BF0019C7B0 /* Resources */ = {
			isa = PBXResourcesBuildPhase;
			buildActionMask = 2147483647;
			files = (
				5B8D2350267638BF0019C7B0 /* Preview Assets.xcassets in Resources */,
				5B8D234D267638BF0019C7B0 /* Assets.xcassets in Resources */,
				5B4E4832268B77D1000F118D /* landmarkData.json in Resources */,
			);
			runOnlyForDeploymentPostprocessing = 0;
		};
/* End PBXResourcesBuildPhase section */

/* Begin PBXSourcesBuildPhase section */
		5B8D2341267638BF0019C7B0 /* Sources */ = {
			isa = PBXSourcesBuildPhase;
			buildActionMask = 2147483647;
			files = (
				5B8D234B267638BF0019C7B0 /* ContentView.swift in Sources */,
				5B48356D26880EDA0022FAF8 /* MapView.swift in Sources */,
				5B8D2349267638BF0019C7B0 /* LandmarksAppApp.swift in Sources */,
				5B4E4841268C021F000F118D /* FavoriteButton.swift in Sources */,
				5B4E483D268B8538000F118D /* LandmarkList.swift in Sources */,
				5B4E483F268B8D12000F118D /* LandmarkDetail.swift in Sources */,
				5B48356B26880CF60022FAF8 /* CircleImage.swift in Sources */,
				5B4E4834268B77EC000F118D /* Landmark.swift in Sources */,
				5B4E483B268B7DA0000F118D /* LandmarkRow.swift in Sources */,
				5B4E4836268B7966000F118D /* ModelData.swift in Sources */,
			);
			runOnlyForDeploymentPostprocessing = 0;
		};
/* End PBXSourcesBuildPhase section */

/* Begin XCBuildConfiguration section */
		5B8D2352267638BF0019C7B0 /* Debug */ = {
			isa = XCBuildConfiguration;
			buildSettings = {
				ALWAYS_SEARCH_USER_PATHS = NO;
				CLANG_ANALYZER_NONNULL = YES;
				CLANG_ANALYZER_NUMBER_OBJECT_CONVERSION = YES_AGGRESSIVE;
				CLANG_CXX_LANGUAGE_STANDARD = "gnu++14";
				CLANG_CXX_LIBRARY = "libc++";
				CLANG_ENABLE_MODULES = YES;
				CLANG_ENABLE_OBJC_ARC = YES;
				CLANG_ENABLE_OBJC_WEAK = YES;
				CLANG_WARN_BLOCK_CAPTURE_AUTORELEASING = YES;
				CLANG_WARN_BOOL_CONVERSION = YES;
				CLANG_WARN_COMMA = YES;
				CLANG_WARN_CONSTANT_CONVERSION = YES;
				CLANG_WARN_DEPRECATED_OBJC_IMPLEMENTATIONS = YES;
				CLANG_WARN_DIRECT_OBJC_ISA_USAGE = YES_ERROR;
				CLANG_WARN_DOCUMENTATION_COMMENTS = YES;
				CLANG_WARN_EMPTY_BODY = YES;
				CLANG_WARN_ENUM_CONVERSION = YES;
				CLANG_WARN_INFINITE_RECURSION = YES;
				CLANG_WARN_INT_CONVERSION = YES;
				CLANG_WARN_NON_LITERAL_NULL_CONVERSION = YES;
				CLANG_WARN_OBJC_IMPLICIT_RETAIN_SELF = YES;
				CLANG_WARN_OBJC_LITERAL_CONVERSION = YES;
				CLANG_WARN_OBJC_ROOT_CLASS = YES_ERROR;
				CLANG_WARN_QUOTED_INCLUDE_IN_FRAMEWORK_HEADER = YES;
				CLANG_WARN_RANGE_LOOP_ANALYSIS = YES;
				CLANG_WARN_STRICT_PROTOTYPES = YES;
				CLANG_WARN_SUSPICIOUS_MOVE = YES;
				CLANG_WARN_UNGUARDED_AVAILABILITY = YES_AGGRESSIVE;
				CLANG_WARN_UNREACHABLE_CODE = YES;
				CLANG_WARN__DUPLICATE_METHOD_MATCH = YES;
				COPY_PHASE_STRIP = NO;
				DEBUG_INFORMATION_FORMAT = dwarf;
				ENABLE_STRICT_OBJC_MSGSEND = YES;
				ENABLE_TESTABILITY = YES;
				GCC_C_LANGUAGE_STANDARD = gnu11;
				GCC_DYNAMIC_NO_PIC = NO;
				GCC_NO_COMMON_BLOCKS = YES;
				GCC_OPTIMIZATION_LEVEL = 0;
				GCC_PREPROCESSOR_DEFINITIONS = (
					"DEBUG=1",
					"$(inherited)",
				);
				GCC_WARN_64_TO_32_BIT_CONVERSION = YES;
				GCC_WARN_ABOUT_RETURN_TYPE = YES_ERROR;
				GCC_WARN_UNDECLARED_SELECTOR = YES;
				GCC_WARN_UNINITIALIZED_AUTOS = YES_AGGRESSIVE;
				GCC_WARN_UNUSED_FUNCTION = YES;
				GCC_WARN_UNUSED_VARIABLE = YES;
				IPHONEOS_DEPLOYMENT_TARGET = 14.5;
				MTL_ENABLE_DEBUG_INFO = INCLUDE_SOURCE;
				MTL_FAST_MATH = YES;
				ONLY_ACTIVE_ARCH = YES;
				SDKROOT = iphoneos;
				SWIFT_ACTIVE_COMPILATION_CONDITIONS = DEBUG;
				SWIFT_OPTIMIZATION_LEVEL = "-Onone";
			};
			name = Debug;
		};
		5B8D2353267638BF0019C7B0 /* Release */ = {
			isa = XCBuildConfiguration;
			buildSettings = {
				ALWAYS_SEARCH_USER_PATHS = NO;
				CLANG_ANALYZER_NONNULL = YES;
				CLANG_ANALYZER_NUMBER_OBJECT_CONVERSION = YES_AGGRESSIVE;
				CLANG_CXX_LANGUAGE_STANDARD = "gnu++14";
				CLANG_CXX_LIBRARY = "libc++";
				CLANG_ENABLE_MODULES = YES;
				CLANG_ENABLE_OBJC_ARC = YES;
				CLANG_ENABLE_OBJC_WEAK = YES;
				CLANG_WARN_BLOCK_CAPTURE_AUTORELEASING = YES;
				CLANG_WARN_BOOL_CONVERSION = YES;
				CLANG_WARN_COMMA = YES;
				CLANG_WARN_CONSTANT_CONVERSION = YES;
				CLANG_WARN_DEPRECATED_OBJC_IMPLEMENTATIONS = YES;
				CLANG_WARN_DIRECT_OBJC_ISA_USAGE = YES_ERROR;
				CLANG_WARN_DOCUMENTATION_COMMENTS = YES;
				CLANG_WARN_EMPTY_BODY = YES;
				CLANG_WARN_ENUM_CONVERSION = YES;
				CLANG_WARN_INFINITE_RECURSION = YES;
				CLANG_WARN_INT_CONVERSION = YES;
				CLANG_WARN_NON_LITERAL_NULL_CONVERSION = YES;
				CLANG_WARN_OBJC_IMPLICIT_RETAIN_SELF = YES;
				CLANG_WARN_OBJC_LITERAL_CONVERSION = YES;
				CLANG_WARN_OBJC_ROOT_CLASS = YES_ERROR;
				CLANG_WARN_QUOTED_INCLUDE_IN_FRAMEWORK_HEADER = YES;
				CLANG_WARN_RANGE_LOOP_ANALYSIS = YES;
				CLANG_WARN_STRICT_PROTOTYPES = YES;
				CLANG_WARN_SUSPICIOUS_MOVE = YES;
				CLANG_WARN_UNGUARDED_AVAILABILITY = YES_AGGRESSIVE;
				CLANG_WARN_UNREACHABLE_CODE = YES;
				CLANG_WARN__DUPLICATE_METHOD_MATCH = YES;
				COPY_PHASE_STRIP = NO;
				DEBUG_INFORMATION_FORMAT = "dwarf-with-dsym";
				ENABLE_NS_ASSERTIONS = NO;
				ENABLE_STRICT_OBJC_MSGSEND = YES;
				GCC_C_LANGUAGE_STANDARD = gnu11;
				GCC_NO_COMMON_BLOCKS = YES;
				GCC_WARN_64_TO_32_BIT_CONVERSION = YES;
				GCC_WARN_ABOUT_RETURN_TYPE = YES_ERROR;
				GCC_WARN_UNDECLARED_SELECTOR = YES;
				GCC_WARN_UNINITIALIZED_AUTOS = YES_AGGRESSIVE;
				GCC_WARN_UNUSED_FUNCTION = YES;
				GCC_WARN_UNUSED_VARIABLE = YES;
				IPHONEOS_DEPLOYMENT_TARGET = 14.5;
				MTL_ENABLE_DEBUG_INFO = NO;
				MTL_FAST_MATH = YES;
				SDKROOT = iphoneos;
				SWIFT_COMPILATION_MODE = wholemodule;
				SWIFT_OPTIMIZATION_LEVEL = "-O";
				VALIDATE_PRODUCT = YES;
			};
			name = Release;
		};
		5B8D2355267638BF0019C7B0 /* Debug */ = {
			isa = XCBuildConfiguration;
			buildSettings = {
				ASSETCATALOG_COMPILER_APPICON_NAME = AppIcon;
				ASSETCATALOG_COMPILER_GLOBAL_ACCENT_COLOR_NAME = AccentColor;
				CODE_SIGN_STYLE = Automatic;
				DEVELOPMENT_ASSET_PATHS = "\"LandmarksApp/Preview Content\"";
				DEVELOPMENT_TEAM = 6CKDRU7GYW;
				ENABLE_PREVIEWS = YES;
				INFOPLIST_FILE = LandmarksApp/Info.plist;
				IPHONEOS_DEPLOYMENT_TARGET = 14.0;
				LD_RUNPATH_SEARCH_PATHS = (
					"$(inherited)",
					"@executable_path/Frameworks",
				);
				PRODUCT_BUNDLE_IDENTIFIER = com.fs.LandmarksApp;
				PRODUCT_NAME = "$(TARGET_NAME)";
				SWIFT_VERSION = 5.0;
				TARGETED_DEVICE_FAMILY = "1,2";
			};
			name = Debug;
		};
		5B8D2356267638BF0019C7B0 /* Release */ = {
			isa = XCBuildConfiguration;
			buildSettings = {
				ASSETCATALOG_COMPILER_APPICON_NAME = AppIcon;
				ASSETCATALOG_COMPILER_GLOBAL_ACCENT_COLOR_NAME = AccentColor;
				CODE_SIGN_STYLE = Automatic;
				DEVELOPMENT_ASSET_PATHS = "\"LandmarksApp/Preview Content\"";
				DEVELOPMENT_TEAM = 6CKDRU7GYW;
				ENABLE_PREVIEWS = YES;
				INFOPLIST_FILE = LandmarksApp/Info.plist;
				IPHONEOS_DEPLOYMENT_TARGET = 14.0;
				LD_RUNPATH_SEARCH_PATHS = (
					"$(inherited)",
					"@executable_path/Frameworks",
				);
				PRODUCT_BUNDLE_IDENTIFIER = com.fs.LandmarksApp;
				PRODUCT_NAME = "$(TARGET_NAME)";
				SWIFT_VERSION = 5.0;
				TARGETED_DEVICE_FAMILY = "1,2";
			};
			name = Release;
		};
/* End XCBuildConfiguration section */

/* Begin XCConfigurationList section */
		5B8D2340267638BF0019C7B0 /* Build configuration list for PBXProject "LandmarksApp" */ = {
			isa = XCConfigurationList;
			buildConfigurations = (
				5B8D2352267638BF0019C7B0 /* Debug */,
				5B8D2353267638BF0019C7B0 /* Release */,
			);
			defaultConfigurationIsVisible = 0;
			defaultConfigurationName = Release;
		};
		5B8D2354267638BF0019C7B0 /* Build configuration list for PBXNativeTarget "LandmarksApp" */ = {
			isa = XCConfigurationList;
			buildConfigurations = (
				5B8D2355267638BF0019C7B0 /* Debug */,
				5B8D2356267638BF0019C7B0 /* Release */,
			);
			defaultConfigurationIsVisible = 0;
			defaultConfigurationName = Release;
		};
/* End XCConfigurationList section */
	};
	rootObject = 5B8D233D267638BF0019C7B0 /* Project object */;
}
